
Microsoft Visual Studio Solution File, Format Version 12.00
# Visual Studio Version 17
VisualStudioVersion = 17.0.31903.59
MinimumVisualStudioVersion = 10.0.40219.1
Project("{FAE04EC0-301F-11D3-BF4B-00C04F79EFBC}") = "ExercicioAPIStella", "ExercicioAPIStella\ExercicioAPIStella.csproj", "{431D1607-81AD-458E-BFF3-07A4B2D630B9}"
EndProject
Project("{FAE04EC0-301F-11D3-BF4B-00C04F79EFBC}") = "Testes", "Testes\Testes.csproj", "{3716724F-C0E9-42DB-8624-1DC071EAF605}"
EndProject
Global
	GlobalSection(SolutionConfigurationPlatforms) = preSolution
		Debug|Any CPU = Debug|Any CPU
		Release|Any CPU = Release|Any CPU
	EndGlobalSection
	GlobalSection(SolutionProperties) = preSolution
		HideSolutionNode = FALSE
	EndGlobalSection
	GlobalSection(ProjectConfigurationPlatforms) = postSolution
		{431D1607-81AD-458E-BFF3-07A4B2D630B9}.Debug|Any CPU.ActiveCfg = Debug|Any CPU
		{431D1607-81AD-458E-BFF3-07A4B2D630B9}.Debug|Any CPU.Build.0 = Debug|Any CPU
		{431D1607-81AD-458E-BFF3-07A4B2D630B9}.Release|Any CPU.ActiveCfg = Release|Any CPU
		{431D1607-81AD-458E-BFF3-07A4B2D630B9}.Release|Any CPU.Build.0 = Release|Any CPU
		{3716724F-C0E9-42DB-8624-1DC071EAF605}.Debug|Any CPU.ActiveCfg = Debug|Any CPU
		{3716724F-C0E9-42DB-8624-1DC071EAF605}.Debug|Any CPU.Build.0 = Debug|Any CPU
		{3716724F-C0E9-42DB-8624-1DC071EAF605}.Release|Any CPU.ActiveCfg = Release|Any CPU
		{3716724F-C0E9-42DB-8624-1DC071EAF605}.Release|Any CPU.Build.0 = Release|Any CPU
	EndGlobalSection
EndGlobal
